PODS:
  - DVAssetLoaderDelegate (0.3.3)
  - fmt (6.2.1)
  - GCDWebServer (3.5.4):
    - GCDWebServer/Core (= 3.5.4)
  - GCDWebServer/Core (3.5.4)
  - libwebp (1.2.1):
    - libwebp/demux (= 1.2.1)
    - libwebp/mux (= 1.2.1)
    - libwebp/webp (= 1.2.1)
  - libwebp/demux (1.2.1):
    - libwebp/webp
  - libwebp/mux (1.2.1):
    - libwebp/demux
  - libwebp/webp (1.2.1)
  - lottie-ios (3.2.3)
  - react-component (2.0.3):
    - DVAssetLoaderDelegate (~> 0.3.3)
    - GCDWebServer (~> 3.5.4)
    - lottie-ios (~> 3.2.3)
    - react-ios (~> 0.67.4.5)
    - SDWebImage (~> 5.11.1)
    - SDWebImageWebPCoder (~> 0.8.4)
    - Sentry (~> 7.11.0)
    - SPTPersistentCache (~> 1.1.0)
  - react-ios (0.67.4.5):
    - fmt (~> 6.2.1)
  - SDWebImage (5.11.1):
    - SDWebImage/Core (= 5.11.1)
  - SDWebImage/Core (5.11.1)
  - SDWebImageWebPCoder (0.8.4):
    - libwebp (~> 1.0)
    - SDWebImage/Core (~> 5.10)
  - Sentry (7.11.0):
    - Sentry/Core (= 7.11.0)
  - Sentry/Core (7.11.0)
  - SPTPersistentCache (1.1.0)

DEPENDENCIES:
  - react-component (from `../`)

SPEC REPOS:
  trunk:
    - DVAssetLoaderDelegate
    - fmt
    - GCDWebServer
    - libwebp
    - lottie-ios
    - react-ios
    - SDWebImage
    - SDWebImageWebPCoder
    - Sentry
    - SPTPersistentCache

EXTERNAL SOURCES:
  react-component:
    :path: "../"

SPEC CHECKSUMS:
  DVAssetLoaderDelegate: 0caec20e4e08b8560b691131539e9180024d4bce
  fmt: ff9d55029c625d3757ed641535fd4a75fedc7ce9
  GCDWebServer: 2c156a56c8226e2d5c0c3f208a3621ccffbe3ce4
  libwebp: 98a37e597e40bfdb4c911fc98f2c53d0b12d05fc
  lottie-ios: c058aeafa76daa4cf64d773554bccc8385d0150e
  react-component: 03f16d5018839640098cf31df41fa16d7386a06b
  react-ios: 4e53979029294cc7416b6e6ba29fafb0468e1011
  SDWebImage: a7f831e1a65eb5e285e3fb046a23fcfbf08e696d
  SDWebImageWebPCoder: f93010f3f6c031e2f8fb3081ca4ee6966c539815
  Sentry: 0c5cd63d714187b4a39c331c1f0eb04ba7868341
  SPTPersistentCache: df36ea46762d7cf026502bbb86a8b79d0080dff4

PODFILE CHECKSUM: 8031266fb0972bd2b31ac1a2d4174264b8786a45

COCOAPODS: 1.11.3
