PODS:
  - boost-for-react-native (1.63.0)
  - DoubleConversion (1.1.5)
  - DVAssetLoaderDelegate (0.3.3)
  - glog (0.3.4)
  - libwebp (1.2.0):
    - libwebp/demux (= 1.2.0)
    - libwebp/mux (= 1.2.0)
    - libwebp/webp (= 1.2.0)
  - libwebp/demux (1.2.0):
    - libwebp/webp
  - libwebp/mux (1.2.0):
    - libwebp/demux
  - libwebp/webp (1.2.0)
  - lottie-ios (3.1.9)
  - react-component (0.0.4):
    - DVAssetLoaderDelegate (~> 0.3.1)
    - lottie-ios (~> 3.1.8)
    - react-ios (~> 0.63.4.0)
    - SDWebImage (~> 5.8)
    - SDWebImageWebPCoder (~> 0.6.1)
    - Sentry (= 6.1.4)
    - SPTPersistentCache (~> 1.1.0)
  - react-ios (0.63.4.1):
    - react-ios/All (= 0.63.4.1)
  - react-ios/All (0.63.4.1):
    - react-ios/callinvoker
    - react-ios/cxxreact
    - react-ios/Default
    - react-ios/FBLazyVector
    - react-ios/folly
    - react-ios/jsi
    - react-ios/jsiexecutor
    - react-ios/jsinspector
    - react-ios/RCTAnimation
    - react-ios/RCTBlob
    - react-ios/RCTImage
    - react-ios/RCTLinking
    - react-ios/RCTNetwork
    - react-ios/RCTRequired
    - react-ios/RCTSettings
    - react-ios/RCTText
    - react-ios/RCTVibration
  - react-ios/callinvoker (0.63.4.1)
  - react-ios/cxxreact (0.63.4.1):
    - boost-for-react-native (= 1.63.0)
    - DoubleConversion (= 1.1.5)
    - glog (= 0.3.4)
    - react-ios/callinvoker
    - react-ios/folly
    - react-ios/jsinspector
  - react-ios/Default (0.63.4.1):
    - glog (= 0.3.4)
    - react-ios/callinvoker
    - react-ios/cxxreact
    - react-ios/FBLazyVector
    - react-ios/folly
    - react-ios/jsi
    - react-ios/jsiexecutor
    - react-ios/jsinspector
    - react-ios/RCTRequired
    - Yoga (= 1.14.0)
  - react-ios/FBLazyVector (0.63.4.1)
  - react-ios/folly (0.63.4.1):
    - boost-for-react-native (= 1.63.0)
    - DoubleConversion (= 1.1.5)
    - glog (= 0.3.4)
  - react-ios/jsi (0.63.4.1):
    - boost-for-react-native (= 1.63.0)
    - DoubleConversion (= 1.1.5)
    - glog (= 0.3.4)
    - react-ios/folly
  - react-ios/jsiexecutor (0.63.4.1):
    - DoubleConversion (= 1.1.5)
    - glog (= 0.3.4)
    - react-ios/cxxreact
    - react-ios/folly
    - react-ios/jsi
  - react-ios/jsinspector (0.63.4.1)
  - react-ios/RCTAnimation (0.63.4.1):
    - react-ios/Default
    - react-ios/folly
    - react-ios/jsi
  - react-ios/RCTBlob (0.63.4.1):
    - react-ios/Default
    - react-ios/folly
    - react-ios/jsi
    - react-ios/RCTNetwork
  - react-ios/RCTImage (0.63.4.1):
    - react-ios/Default
    - react-ios/folly
    - react-ios/jsi
    - react-ios/RCTNetwork
  - react-ios/RCTLinking (0.63.4.1):
    - react-ios/Default
    - react-ios/folly
    - react-ios/jsi
  - react-ios/RCTNetwork (0.63.4.1):
    - react-ios/Default
    - react-ios/folly
    - react-ios/jsi
  - react-ios/RCTRequired (0.63.4.1)
  - react-ios/RCTSettings (0.63.4.1):
    - react-ios/Default
    - react-ios/folly
    - react-ios/jsi
  - react-ios/RCTText (0.63.4.1):
    - react-ios/Default
  - react-ios/RCTVibration (0.63.4.1):
    - react-ios/Default
    - react-ios/folly
    - react-ios/jsi
  - SDWebImage (5.11.0):
    - SDWebImage/Core (= 5.11.0)
  - SDWebImage/Core (5.11.0)
  - SDWebImageWebPCoder (0.6.1):
    - libwebp (~> 1.0)
    - SDWebImage/Core (~> 5.7)
  - Sentry (6.1.4):
    - Sentry/Core (= 6.1.4)
  - Sentry/Core (6.1.4)
  - SPTPersistentCache (1.1.0)
  - Yoga (1.14.0)

DEPENDENCIES:
  - react-component (from `../`)

SPEC REPOS:
  trunk:
    - boost-for-react-native
    - DoubleConversion
    - DVAssetLoaderDelegate
    - glog
    - libwebp
    - lottie-ios
    - react-ios
    - SDWebImage
    - SDWebImageWebPCoder
    - Sentry
    - SPTPersistentCache
    - Yoga

EXTERNAL SOURCES:
  react-component:
    :path: "../"

SPEC CHECKSUMS:
  boost-for-react-native: 39c7adb57c4e60d6c5479dd8623128eb5b3f0f2c
  DoubleConversion: e22e0762848812a87afd67ffda3998d9ef29170c
  DVAssetLoaderDelegate: 0caec20e4e08b8560b691131539e9180024d4bce
  glog: 1de0bb937dccdc981596d3b5825ebfb765017ded
  libwebp: e90b9c01d99205d03b6bb8f2c8c415e5a4ef66f0
  lottie-ios: 3a3758ef5a008e762faec9c9d50a39842f26d124
  react-component: 5ded4a3942f9b1f03942a5ce0beae896e14aa3cd
  react-ios: a25cc4b54d365fe466a430aec8a8c4ec4a0b5ce0
  SDWebImage: 7acbb57630ac7db4a495547fb73916ff3e432f6b
  SDWebImageWebPCoder: d0dac55073088d24b2ac1b191a71a8f8d0adac21
  Sentry: 9d055e2de30a77685e86b219acf02e59b82091fc
  SPTPersistentCache: df36ea46762d7cf026502bbb86a8b79d0080dff4
  Yoga: cff67a400f6b74dc38eb0bad4f156673d9aa980c

PODFILE CHECKSUM: e542c4c97f5c89d4d1e8da4f22d911e4f9a75a39

COCOAPODS: 1.10.1
