PODS:
  - boost-for-react-native (1.63.0)
  - DoubleConversion (1.1.5)
  - glog (0.3.4)
  - react-component (1.0.1):
    - react-component/All (= 1.0.1)
  - react-component/All (1.0.1):
    - react-component/react-native-get-random-values
  - react-component/react-native-get-random-values (1.0.1):
    - react-ios (~> 0.63.4.1)
  - react-ios (0.63.4.1):
    - react-ios/All (= 0.63.4.1)
  - react-ios/All (0.63.4.1):
    - react-ios/callinvoker
    - react-ios/cxxreact
    - react-ios/Default
    - react-ios/FBLazyVector
    - react-ios/folly
    - react-ios/jsi
    - react-ios/jsiexecutor
    - react-ios/jsinspector
    - react-ios/RCTAnimation
    - react-ios/RCTBlob
    - react-ios/RCTImage
    - react-ios/RCTLinking
    - react-ios/RCTNetwork
    - react-ios/RCTRequired
    - react-ios/RCTSettings
    - react-ios/RCTText
    - react-ios/RCTVibration
  - react-ios/callinvoker (0.63.4.1)
  - react-ios/cxxreact (0.63.4.1):
    - boost-for-react-native (= 1.63.0)
    - DoubleConversion (= 1.1.5)
    - glog (= 0.3.4)
    - react-ios/callinvoker
    - react-ios/folly
    - react-ios/jsinspector
  - react-ios/Default (0.63.4.1):
    - glog (= 0.3.4)
    - react-ios/callinvoker
    - react-ios/cxxreact
    - react-ios/FBLazyVector
    - react-ios/folly
    - react-ios/jsi
    - react-ios/jsiexecutor
    - react-ios/jsinspector
    - react-ios/RCTRequired
    - Yoga (= 1.14.0)
  - react-ios/FBLazyVector (0.63.4.1)
  - react-ios/folly (0.63.4.1):
    - boost-for-react-native (= 1.63.0)
    - DoubleConversion (= 1.1.5)
    - glog (= 0.3.4)
  - react-ios/jsi (0.63.4.1):
    - boost-for-react-native (= 1.63.0)
    - DoubleConversion (= 1.1.5)
    - glog (= 0.3.4)
    - react-ios/folly
  - react-ios/jsiexecutor (0.63.4.1):
    - DoubleConversion (= 1.1.5)
    - glog (= 0.3.4)
    - react-ios/cxxreact
    - react-ios/folly
    - react-ios/jsi
  - react-ios/jsinspector (0.63.4.1)
  - react-ios/RCTAnimation (0.63.4.1):
    - react-ios/Default
    - react-ios/folly
    - react-ios/jsi
  - react-ios/RCTBlob (0.63.4.1):
    - react-ios/Default
    - react-ios/folly
    - react-ios/jsi
    - react-ios/RCTNetwork
  - react-ios/RCTImage (0.63.4.1):
    - react-ios/Default
    - react-ios/folly
    - react-ios/jsi
    - react-ios/RCTNetwork
  - react-ios/RCTLinking (0.63.4.1):
    - react-ios/Default
    - react-ios/folly
    - react-ios/jsi
  - react-ios/RCTNetwork (0.63.4.1):
    - react-ios/Default
    - react-ios/folly
    - react-ios/jsi
  - react-ios/RCTRequired (0.63.4.1)
  - react-ios/RCTSettings (0.63.4.1):
    - react-ios/Default
    - react-ios/folly
    - react-ios/jsi
  - react-ios/RCTText (0.63.4.1):
    - react-ios/Default
  - react-ios/RCTVibration (0.63.4.1):
    - react-ios/Default
    - react-ios/folly
    - react-ios/jsi
  - Yoga (1.14.0)

DEPENDENCIES:
  - react-component (from `../`)

SPEC REPOS:
  trunk:
    - boost-for-react-native
    - DoubleConversion
    - glog
    - react-ios
    - Yoga

EXTERNAL SOURCES:
  react-component:
    :path: "../"

SPEC CHECKSUMS:
  boost-for-react-native: 39c7adb57c4e60d6c5479dd8623128eb5b3f0f2c
  DoubleConversion: e22e0762848812a87afd67ffda3998d9ef29170c
  glog: 1de0bb937dccdc981596d3b5825ebfb765017ded
  react-component: d093627bc3636577675507d70334b5eb7f52825d
  react-ios: a25cc4b54d365fe466a430aec8a8c4ec4a0b5ce0
  Yoga: cff67a400f6b74dc38eb0bad4f156673d9aa980c

PODFILE CHECKSUM: eb4c8319484e2c07236a7ff5eedfd1603a3aef59

COCOAPODS: 1.10.1
